
Microsoft Visual Studio Solution File, Format Version 12.00
# Visual Studio Version 17
VisualStudioVersion = 17.4.33403.182
MinimumVisualStudioVersion = 10.0.40219.1
Project("{9A19103F-16F7-4668-BE54-9A1E7A4F7556}") = "AsyncTransform", "AsyncTransform.csproj", "{7A42679C-0A34-4488-8836-7546D083E9DA}"
EndProject
Global
	GlobalSection(SolutionConfigurationPlatforms) = preSolution
		Debug|Any CPU = Debug|Any CPU
		Release|Any CPU = Release|Any CPU
	EndGlobalSection
	GlobalSection(ProjectConfigurationPlatforms) = postSolution
		{7A42679C-0A34-4488-8836-7546D083E9DA}.Debug|Any CPU.ActiveCfg = Debug|Any CPU
		{7A42679C-0A34-4488-8836-7546D083E9DA}.Debug|Any CPU.Build.0 = Debug|Any CPU
		{7A42679C-0A34-4488-8836-7546D083E9DA}.Release|Any CPU.ActiveCfg = Release|Any CPU
		{7A42679C-0A34-4488-8836-7546D083E9DA}.Release|Any CPU.Build.0 = Release|Any CPU
	EndGlobalSection
	GlobalSection(SolutionProperties) = preSolution
		HideSolutionNode = FALSE
	EndGlobalSection
	GlobalSection(ExtensibilityGlobals) = postSolution
		SolutionGuid = {A7A32422-A450-45EB-93A1-94D7B835DB8A}
	EndGlobalSection
EndGlobal
