
Microsoft Visual Studio Solution File, Format Version 12.00
# Visual Studio Version 17
VisualStudioVersion = 17.13.35818.85 d17.13
MinimumVisualStudioVersion = 10.0.40219.1
Project("{FAE04EC0-301F-11D3-BF4B-00C04F79EFBC}") = "Channels", "Channels.csproj", "{4719A0D7-46AA-4CCC-945D-E568EC0441AD}"
EndProject
Global
	GlobalSection(SolutionConfigurationPlatforms) = preSolution
		Debug|Any CPU = Debug|Any CPU
		Release|Any CPU = Release|Any CPU
	EndGlobalSection
	GlobalSection(ProjectConfigurationPlatforms) = postSolution
		{4719A0D7-46AA-4CCC-945D-E568EC0441AD}.Debug|Any CPU.ActiveCfg = Debug|Any CPU
		{4719A0D7-46AA-4CCC-945D-E568EC0441AD}.Debug|Any CPU.Build.0 = Debug|Any CPU
		{4719A0D7-46AA-4CCC-945D-E568EC0441AD}.Release|Any CPU.ActiveCfg = Release|Any CPU
		{4719A0D7-46AA-4CCC-945D-E568EC0441AD}.Release|Any CPU.Build.0 = Release|Any CPU
	EndGlobalSection
	GlobalSection(SolutionProperties) = preSolution
		HideSolutionNode = FALSE
	EndGlobalSection
	GlobalSection(ExtensibilityGlobals) = postSolution
		SolutionGuid = {FD162CFF-5C16-4604-8A9F-FE696F40F397}
	EndGlobalSection
EndGlobal
